
Microsoft Visual Studio Solution File, Format Version 12.00
# Visual Studio Version 17
VisualStudioVersion = 17.12.35323.107
MinimumVisualStudioVersion = 10.0.40219.1
Project("{FAE04EC0-301F-11D3-BF4B-00C04F79EFBC}") = "WhalesSecret.ScriptApiLib.Samples.BasicSamples", "BasicSamples\WhalesSecret.ScriptApiLib.Samples.BasicSamples.csproj", "{189352E1-1747-4442-80FB-DA7EFE158098}"
EndProject
Project("{FAE04EC0-301F-11D3-BF4B-00C04F79EFBC}") = "WhalesSecret.ScriptApiLib.Samples.SharedLib", "SharedLib\WhalesSecret.ScriptApiLib.Samples.SharedLib.csproj", "{8AA342C2-C37E-4667-B4D6-92136F9BC6B8}"
EndProject
Project("{FAE04EC0-301F-11D3-BF4B-00C04F79EFBC}") = "WhalesSecret.ScriptApiLib.Samples.AdvancedDemos.DCA", "AdvancedDemos\DCA\WhalesSecret.ScriptApiLib.Samples.AdvancedDemos.DCA.csproj", "{FCA55805-6203-D4BB-82AF-1C688240CEA7}"
EndProject
Project("{FAE04EC0-301F-11D3-BF4B-00C04F79EFBC}") = "WhalesSecret.ScriptApiLib.Samples.AdvancedDemos.MomentumBreakout", "AdvancedDemos\MomentumBreakout\WhalesSecret.ScriptApiLib.Samples.AdvancedDemos.MomentumBreakout.csproj", "{FCF6C5BD-6528-4BDC-D254-BD75FE6D352D}"
EndProject
Project("{2150E333-8FDC-42A3-9474-1A3956D46DE8}") = "Solution Items", "Solution Items", "{02EA681E-C7D8-13C7-8484-4AC65E1B71E8}"
	ProjectSection(SolutionItems) = preProject
		.editorconfig = .editorconfig
		exclusion.dic = exclusion.dic
		global.json = global.json
		LICENSE = LICENSE
		NuGet.config = NuGet.config
		README.md = README.md
	EndProjectSection
EndProject
Project("{FAE04EC0-301F-11D3-BF4B-00C04F79EFBC}") = "WhalesSecret.ScriptApiLib.Samples.AdvancedDemos.LeveragedDcaCalculator", "AdvancedDemos\LeveragedDcaCalculator\WhalesSecret.ScriptApiLib.Samples.AdvancedDemos.LeveragedDcaCalculator.csproj", "{BF634470-1151-429E-9789-0036CFDDCB78}"
EndProject
Project("{2150E333-8FDC-42A3-9474-1A3956D46DE8}") = "Tests", "Tests", "{5E25F8BF-5F6D-46BD-A06F-18B3FB90B481}"
EndProject
Project("{FAE04EC0-301F-11D3-BF4B-00C04F79EFBC}") = "WhalesSecret.ScriptApiLib.Samples.Tests.AdvancedDemos.LeveragedDcaCalculatorUnitTests", "Tests\AdvancedDemos\LeveragedDcaCalculatorUnitTests\WhalesSecret.ScriptApiLib.Samples.Tests.AdvancedDemos.LeveragedDcaCalculatorUnitTests.csproj", "{6A287244-A0D9-483C-BDDF-58A406C57B10}"
EndProject
Global
	GlobalSection(SolutionConfigurationPlatforms) = preSolution
		Debug|Any CPU = Debug|Any CPU
		Release|Any CPU = Release|Any CPU
	EndGlobalSection
	GlobalSection(ProjectConfigurationPlatforms) = postSolution
		{189352E1-1747-4442-80FB-DA7EFE158098}.Debug|Any CPU.ActiveCfg = Debug|Any CPU
		{189352E1-1747-4442-80FB-DA7EFE158098}.Debug|Any CPU.Build.0 = Debug|Any CPU
		{189352E1-1747-4442-80FB-DA7EFE158098}.Release|Any CPU.ActiveCfg = Release|Any CPU
		{189352E1-1747-4442-80FB-DA7EFE158098}.Release|Any CPU.Build.0 = Release|Any CPU
		{8AA342C2-C37E-4667-B4D6-92136F9BC6B8}.Debug|Any CPU.ActiveCfg = Debug|Any CPU
		{8AA342C2-C37E-4667-B4D6-92136F9BC6B8}.Debug|Any CPU.Build.0 = Debug|Any CPU
		{8AA342C2-C37E-4667-B4D6-92136F9BC6B8}.Release|Any CPU.ActiveCfg = Release|Any CPU
		{8AA342C2-C37E-4667-B4D6-92136F9BC6B8}.Release|Any CPU.Build.0 = Release|Any CPU
		{FCA55805-6203-D4BB-82AF-1C688240CEA7}.Debug|Any CPU.ActiveCfg = Debug|Any CPU
		{FCA55805-6203-D4BB-82AF-1C688240CEA7}.Debug|Any CPU.Build.0 = Debug|Any CPU
		{FCA55805-6203-D4BB-82AF-1C688240CEA7}.Release|Any CPU.ActiveCfg = Release|Any CPU
		{FCA55805-6203-D4BB-82AF-1C688240CEA7}.Release|Any CPU.Build.0 = Release|Any CPU
		{FCF6C5BD-6528-4BDC-D254-BD75FE6D352D}.Debug|Any CPU.ActiveCfg = Debug|Any CPU
		{FCF6C5BD-6528-4BDC-D254-BD75FE6D352D}.Debug|Any CPU.Build.0 = Debug|Any CPU
		{FCF6C5BD-6528-4BDC-D254-BD75FE6D352D}.Release|Any CPU.ActiveCfg = Release|Any CPU
		{FCF6C5BD-6528-4BDC-D254-BD75FE6D352D}.Release|Any CPU.Build.0 = Release|Any CPU
		{BF634470-1151-429E-9789-0036CFDDCB78}.Debug|Any CPU.ActiveCfg = Debug|Any CPU
		{BF634470-1151-429E-9789-0036CFDDCB78}.Debug|Any CPU.Build.0 = Debug|Any CPU
		{BF634470-1151-429E-9789-0036CFDDCB78}.Release|Any CPU.ActiveCfg = Release|Any CPU
		{BF634470-1151-429E-9789-0036CFDDCB78}.Release|Any CPU.Build.0 = Release|Any CPU
		{6A287244-A0D9-483C-BDDF-58A406C57B10}.Debug|Any CPU.ActiveCfg = Debug|Any CPU
		{6A287244-A0D9-483C-BDDF-58A406C57B10}.Debug|Any CPU.Build.0 = Debug|Any CPU
		{6A287244-A0D9-483C-BDDF-58A406C57B10}.Release|Any CPU.ActiveCfg = Release|Any CPU
		{6A287244-A0D9-483C-BDDF-58A406C57B10}.Release|Any CPU.Build.0 = Release|Any CPU
	EndGlobalSection
	GlobalSection(SolutionProperties) = preSolution
		HideSolutionNode = FALSE
	EndGlobalSection
	GlobalSection(NestedProjects) = preSolution
		{6A287244-A0D9-483C-BDDF-58A406C57B10} = {5E25F8BF-5F6D-46BD-A06F-18B3FB90B481}
	EndGlobalSection
	GlobalSection(ExtensibilityGlobals) = postSolution
		SolutionGuid = {5DE6C17D-16EC-4DE5-AF08-2754D29C8EAC}
	EndGlobalSection
EndGlobal
