
Microsoft Visual Studio Solution File, Format Version 12.00
# Visual Studio Version 17
VisualStudioVersion = 17.13.35806.99 d17.13
MinimumVisualStudioVersion = 10.0.40219.1
Project("{FAE04EC0-301F-11D3-BF4B-00C04F79EFBC}") = "WhalesSecret.ScriptApiLib.DCA", "WhalesSecret.ScriptApiLib.DCA.csproj", "{48EDFF30-52DA-4B29-AC65-CDD4EAB2B344}"
EndProject
Global
	GlobalSection(SolutionConfigurationPlatforms) = preSolution
		Debug|Any CPU = Debug|Any CPU
		Release|Any CPU = Release|Any CPU
	EndGlobalSection
	GlobalSection(ProjectConfigurationPlatforms) = postSolution
		{48EDFF30-52DA-4B29-AC65-CDD4EAB2B344}.Debug|Any CPU.ActiveCfg = Debug|Any CPU
		{48EDFF30-52DA-4B29-AC65-CDD4EAB2B344}.Debug|Any CPU.Build.0 = Debug|Any CPU
		{48EDFF30-52DA-4B29-AC65-CDD4EAB2B344}.Release|Any CPU.ActiveCfg = Release|Any CPU
		{48EDFF30-52DA-4B29-AC65-CDD4EAB2B344}.Release|Any CPU.Build.0 = Release|Any CPU
	EndGlobalSection
	GlobalSection(SolutionProperties) = preSolution
		HideSolutionNode = FALSE
	EndGlobalSection
	GlobalSection(ExtensibilityGlobals) = postSolution
		SolutionGuid = {0247AE10-9C08-401C-A46C-2B652BF62870}
	EndGlobalSection
EndGlobal
